
Microsoft Visual Studio Solution File, Format Version 11.00
# Visual C# Express 2010
Project("{FAE04EC0-301F-11D3-BF4B-00C04F79EFBC}") = "CubePdfUtility2", "CubePdfUtility2\CubePdfUtility2.csproj", "{D137A77E-531E-4B53-B5D1-A0C4E4BE64C9}"
EndProject
Project("{FAE04EC0-301F-11D3-BF4B-00C04F79EFBC}") = "CubePdf.Data", "..\CubePdfLib\CubePdf.Data\CubePdf.Data.csproj", "{0D7B710B-67CA-4E55-844A-31C6ACEADFED}"
EndProject
Project("{FAE04EC0-301F-11D3-BF4B-00C04F79EFBC}") = "CubePdf.Drawing", "..\CubePdfLib\CubePdf.Drawing\CubePdf.Drawing.csproj", "{FDC7F8BE-E421-45F9-9544-FFFC7A0CC2AE}"
EndProject
Project("{FAE04EC0-301F-11D3-BF4B-00C04F79EFBC}") = "CubePdf.Editing", "..\CubePdfLib\CubePdf.Editing\CubePdf.Editing.csproj", "{6E397197-250C-404A-9FE9-BA8397C518C1}"
EndProject
Project("{FAE04EC0-301F-11D3-BF4B-00C04F79EFBC}") = "CubePdf.Wpf", "..\CubePdfLib\CubePdf.Wpf\CubePdf.Wpf.csproj", "{3AE6F4EA-CD53-48D0-92D4-D2A48ED54D87}"
EndProject
Project("{FAE04EC0-301F-11D3-BF4B-00C04F79EFBC}") = "CubePdfTests", "..\CubePdfLib\CubePdfTests\CubePdfTests.csproj", "{48BA7BCA-EF0F-4DF5-8507-B990D486E440}"
EndProject
Global
	GlobalSection(SolutionConfigurationPlatforms) = preSolution
		Debug|Any CPU = Debug|Any CPU
		Debug|x86 = Debug|x86
		Release|Any CPU = Release|Any CPU
		Release|x86 = Release|x86
	EndGlobalSection
	GlobalSection(ProjectConfigurationPlatforms) = postSolution
		{D137A77E-531E-4B53-B5D1-A0C4E4BE64C9}.Debug|Any CPU.ActiveCfg = Debug|x86
		{D137A77E-531E-4B53-B5D1-A0C4E4BE64C9}.Debug|x86.ActiveCfg = Debug|x86
		{D137A77E-531E-4B53-B5D1-A0C4E4BE64C9}.Debug|x86.Build.0 = Debug|x86
		{D137A77E-531E-4B53-B5D1-A0C4E4BE64C9}.Release|Any CPU.ActiveCfg = Release|x86
		{D137A77E-531E-4B53-B5D1-A0C4E4BE64C9}.Release|x86.ActiveCfg = Release|x86
		{D137A77E-531E-4B53-B5D1-A0C4E4BE64C9}.Release|x86.Build.0 = Release|x86
		{0D7B710B-67CA-4E55-844A-31C6ACEADFED}.Debug|Any CPU.ActiveCfg = Debug|Any CPU
		{0D7B710B-67CA-4E55-844A-31C6ACEADFED}.Debug|Any CPU.Build.0 = Debug|Any CPU
		{0D7B710B-67CA-4E55-844A-31C6ACEADFED}.Debug|x86.ActiveCfg = Debug|x86
		{0D7B710B-67CA-4E55-844A-31C6ACEADFED}.Debug|x86.Build.0 = Debug|x86
		{0D7B710B-67CA-4E55-844A-31C6ACEADFED}.Release|Any CPU.ActiveCfg = Release|Any CPU
		{0D7B710B-67CA-4E55-844A-31C6ACEADFED}.Release|Any CPU.Build.0 = Release|Any CPU
		{0D7B710B-67CA-4E55-844A-31C6ACEADFED}.Release|x86.ActiveCfg = Release|x86
		{0D7B710B-67CA-4E55-844A-31C6ACEADFED}.Release|x86.Build.0 = Release|x86
		{FDC7F8BE-E421-45F9-9544-FFFC7A0CC2AE}.Debug|Any CPU.ActiveCfg = Debug|Any CPU
		{FDC7F8BE-E421-45F9-9544-FFFC7A0CC2AE}.Debug|Any CPU.Build.0 = Debug|Any CPU
		{FDC7F8BE-E421-45F9-9544-FFFC7A0CC2AE}.Debug|x86.ActiveCfg = Debug|x86
		{FDC7F8BE-E421-45F9-9544-FFFC7A0CC2AE}.Debug|x86.Build.0 = Debug|x86
		{FDC7F8BE-E421-45F9-9544-FFFC7A0CC2AE}.Release|Any CPU.ActiveCfg = Release|Any CPU
		{FDC7F8BE-E421-45F9-9544-FFFC7A0CC2AE}.Release|Any CPU.Build.0 = Release|Any CPU
		{FDC7F8BE-E421-45F9-9544-FFFC7A0CC2AE}.Release|x86.ActiveCfg = Release|x86
		{FDC7F8BE-E421-45F9-9544-FFFC7A0CC2AE}.Release|x86.Build.0 = Release|x86
		{6E397197-250C-404A-9FE9-BA8397C518C1}.Debug|Any CPU.ActiveCfg = Debug|Any CPU
		{6E397197-250C-404A-9FE9-BA8397C518C1}.Debug|Any CPU.Build.0 = Debug|Any CPU
		{6E397197-250C-404A-9FE9-BA8397C518C1}.Debug|x86.ActiveCfg = Debug|x86
		{6E397197-250C-404A-9FE9-BA8397C518C1}.Debug|x86.Build.0 = Debug|x86
		{6E397197-250C-404A-9FE9-BA8397C518C1}.Release|Any CPU.ActiveCfg = Release|Any CPU
		{6E397197-250C-404A-9FE9-BA8397C518C1}.Release|Any CPU.Build.0 = Release|Any CPU
		{6E397197-250C-404A-9FE9-BA8397C518C1}.Release|x86.ActiveCfg = Release|x86
		{6E397197-250C-404A-9FE9-BA8397C518C1}.Release|x86.Build.0 = Release|x86
		{3AE6F4EA-CD53-48D0-92D4-D2A48ED54D87}.Debug|Any CPU.ActiveCfg = Debug|Any CPU
		{3AE6F4EA-CD53-48D0-92D4-D2A48ED54D87}.Debug|Any CPU.Build.0 = Debug|Any CPU
		{3AE6F4EA-CD53-48D0-92D4-D2A48ED54D87}.Debug|x86.ActiveCfg = Debug|x86
		{3AE6F4EA-CD53-48D0-92D4-D2A48ED54D87}.Debug|x86.Build.0 = Debug|x86
		{3AE6F4EA-CD53-48D0-92D4-D2A48ED54D87}.Release|Any CPU.ActiveCfg = Release|Any CPU
		{3AE6F4EA-CD53-48D0-92D4-D2A48ED54D87}.Release|Any CPU.Build.0 = Release|Any CPU
		{3AE6F4EA-CD53-48D0-92D4-D2A48ED54D87}.Release|x86.ActiveCfg = Release|x86
		{3AE6F4EA-CD53-48D0-92D4-D2A48ED54D87}.Release|x86.Build.0 = Release|x86
		{48BA7BCA-EF0F-4DF5-8507-B990D486E440}.Debug|Any CPU.ActiveCfg = Debug|x86
		{48BA7BCA-EF0F-4DF5-8507-B990D486E440}.Debug|x86.ActiveCfg = Debug|x86
		{48BA7BCA-EF0F-4DF5-8507-B990D486E440}.Debug|x86.Build.0 = Debug|x86
		{48BA7BCA-EF0F-4DF5-8507-B990D486E440}.Release|Any CPU.ActiveCfg = Release|x86
		{48BA7BCA-EF0F-4DF5-8507-B990D486E440}.Release|x86.ActiveCfg = Release|x86
		{48BA7BCA-EF0F-4DF5-8507-B990D486E440}.Release|x86.Build.0 = Release|x86
	EndGlobalSection
	GlobalSection(SolutionProperties) = preSolution
		HideSolutionNode = FALSE
	EndGlobalSection
EndGlobal
